// !$*UTF8*$!
{
	archiveVersion = 1;
	classes = {
	};
	objectVersion = 50;
	objects = {

/* Begin PBXBuildFile section */
		31CEA8A7216CD9C9001EE237 /* AppDelegate.swift in Sources */ = {isa = PBXBuildFile; fileRef = 31CEA8A6216CD9C9001EE237 /* AppDelegate.swift */; };
		31CEA8A9216CD9C9001EE237 /* ViewController.swift in Sources */ = {isa = PBXBuildFile; fileRef = 31CEA8A8216CD9C9001EE237 /* ViewController.swift */; };
		31CEA8AC216CD9C9001EE237 /* Main.storyboard in Resources */ = {isa = PBXBuildFile; fileRef = 31CEA8AA216CD9C9001EE237 /* Main.storyboard */; };
		31CEA8AE216CD9CB001EE237 /* Assets.xcassets in Resources */ = {isa = PBXBuildFile; fileRef = 31CEA8AD216CD9CB001EE237 /* Assets.xcassets */; };
		31CEA8B1216CD9CB001EE237 /* LaunchScreen.storyboard in Resources */ = {isa = PBXBuildFile; fileRef = 31CEA8AF216CD9CB001EE237 /* LaunchScreen.storyboard */; };
/* End PBXBuildFile section */

/* Begin PBXFileReference section */
		31CEA8A3216CD9C9001EE237 /* turorial_SNS.app */ = {isa = PBXFileReference; explicitFileType = wrapper.application; includeInIndex = 0; path = turorial_SNS.app; sourceTree = BUILT_PRODUCTS_DIR; };
		31CEA8A6216CD9C9001EE237 /* AppDelegate.swift */ = {isa = PBXFileReference; lastKnownFileType = sourcecode.swift; path = AppDelegate.swift; sourceTree = "<group>"; };
		31CEA8A8216CD9C9001EE237 /* ViewController.swift */ = {isa = PBXFileReference; lastKnownFileType = sourcecode.swift; path = ViewController.swift; sourceTree = "<group>"; };
		31CEA8AB216CD9C9001EE237 /* Base */ = {isa = PBXFileReference; lastKnownFileType = file.storyboard; name = Base; path = Base.lproj/Main.storyboard; sourceTree = "<group>"; };
		31CEA8AD216CD9CB001EE237 /* Assets.xcassets */ = {isa = PBXFileReference; lastKnownFileType = folder.assetcatalog; path = Assets.xcassets; sourceTree = "<group>"; };
		31CEA8B0216CD9CB001EE237 /* Base */ = {isa = PBXFileReference; lastKnownFileType = file.storyboard; name = Base; path = Base.lproj/LaunchScreen.storyboard; sourceTree = "<group>"; };
		31CEA8B2216CD9CB001EE237 /* Info.plist */ = {isa = PBXFileReference; lastKnownFileType = text.plist.xml; path = Info.plist; sourceTree = "<group>"; };
/* End PBXFileReference section */

/* Begin PBXFrameworksBuildPhase section */
		31CEA8A0216CD9C9001EE237 /* Frameworks */ = {
			isa = PBXFrameworksBuildPhase;
			buildActionMask = 2147483647;
			files = (
			);
			runOnlyForDeploymentPostprocessing = 0;
		};
/* End PBXFrameworksBuildPhase section */

/* Begin PBXGroup section */
		31CEA89A216CD9C9001EE237 = {
			isa = PBXGroup;
			children = (
				31CEA8A5216CD9C9001EE237 /* turorial_SNS */,
				31CEA8A4216CD9C9001EE237 /* Products */,
			);
			sourceTree = "<group>";
		};
		31CEA8A4216CD9C9001EE237 /* Products */ = {
			isa = PBXGroup;
			children = (
				31CEA8A3216CD9C9001EE237 /* turorial_SNS.app */,
			);
			name = Products;
			sourceTree = "<group>";
		};
		31CEA8A5216CD9C9001EE237 /* turorial_SNS */ = {
			isa = PBXGroup;
			children = (
				31CEA8A6216CD9C9001EE237 /* AppDelegate.swift */,
				31CEA8A8216CD9C9001EE237 /* ViewController.swift */,
				31CEA8AA216CD9C9001EE237 /* Main.storyboard */,
				31CEA8AD216CD9CB001EE237 /* Assets.xcassets */,
				31CEA8AF216CD9CB001EE237 /* LaunchScreen.storyboard */,
				31CEA8B2216CD9CB001EE237 /* Info.plist */,
			);
			path = turorial_SNS;
			sourceTree = "<group>";
		};
/* End PBXGroup section */

/* Begin PBXNativeTarget section */
		31CEA8A2216CD9C9001EE237 /* turorial_SNS */ = {
			isa = PBXNativeTarget;
			buildConfigurationList = 31CEA8B5216CD9CB001EE237 /* Build configuration list for PBXNativeTarget "turorial_SNS" */;
			buildPhases = (
				31CEA89F216CD9C9001EE237 /* Sources */,
				31CEA8A0216CD9C9001EE237 /* Frameworks */,
				31CEA8A1216CD9C9001EE237 /* Resources */,
			);
			buildRules = (
			);
			dependencies = (
			);
			name = turorial_SNS;
			productName = turorial_SNS;
			productReference = 31CEA8A3216CD9C9001EE237 /* turorial_SNS.app */;
			productType = "com.apple.product-type.application";
		};
/* End PBXNativeTarget section */

/* Begin PBXProject section */
		31CEA89B216CD9C9001EE237 /* Project object */ = {
			isa = PBXProject;
			attributes = {
				LastSwiftUpdateCheck = 1000;
				LastUpgradeCheck = 1000;
				ORGANIZATIONNAME = Tatsuika;
				TargetAttributes = {
					31CEA8A2216CD9C9001EE237 = {
						CreatedOnToolsVersion = 10.0;
					};
				};
			};
			buildConfigurationList = 31CEA89E216CD9C9001EE237 /* Build configuration list for PBXProject "turorial_SNS" */;
			compatibilityVersion = "Xcode 9.3";
			developmentRegion = en;
			hasScannedForEncodings = 0;
			knownRegions = (
				en,
				Base,
			);
			mainGroup = 31CEA89A216CD9C9001EE237;
			productRefGroup = 31CEA8A4216CD9C9001EE237 /* Products */;
			projectDirPath = "";
			projectRoot = "";
			targets = (
				31CEA8A2216CD9C9001EE237 /* turorial_SNS */,
			);
		};
/* End PBXProject section */

/* Begin PBXResourcesBuildPhase section */
		31CEA8A1216CD9C9001EE237 /* Resources */ = {
			isa = PBXResourcesBuildPhase;
			buildActionMask = 2147483647;
			files = (
				31CEA8B1216CD9CB001EE237 /* LaunchScreen.storyboard in Resources */,
				31CEA8AE216CD9CB001EE237 /* Assets.xcassets in Resources */,
				31CEA8AC216CD9C9001EE237 /* Main.storyboard in Resources */,
			);
			runOnlyForDeploymentPostprocessing = 0;
		};
/* End PBXResourcesBuildPhase section */

/* Begin PBXSourcesBuildPhase section */
		31CEA89F216CD9C9001EE237 /* Sources */ = {
			isa = PBXSourcesBuildPhase;
			buildActionMask = 2147483647;
			files = (
				31CEA8A9216CD9C9001EE237 /* ViewController.swift in Sources */,
				31CEA8A7216CD9C9001EE237 /* AppDelegate.swift in Sources */,
			);
			runOnlyForDeploymentPostprocessing = 0;
		};
/* End PBXSourcesBuildPhase section */

/* Begin PBXVariantGroup section */
		31CEA8AA216CD9C9001EE237 /* Main.storyboard */ = {
			isa = PBXVariantGroup;
			children = (
				31CEA8AB216CD9C9001EE237 /* Base */,
			);
			name = Main.storyboard;
			sourceTree = "<group>";
		};
		31CEA8AF216CD9CB001EE237 /* LaunchScreen.storyboard */ = {
			isa = PBXVariantGroup;
			children = (
				31CEA8B0216CD9CB001EE237 /* Base */,
			);
			name = LaunchScreen.storyboard;
			sourceTree = "<group>";
		};
/* End PBXVariantGroup section */

/* Begin XCBuildConfiguration section */
		31CEA8B3216CD9CB001EE237 /* Debug */ = {
			isa = XCBuildConfiguration;
			buildSettings = {
				ALWAYS_SEARCH_USER_PATHS = NO;
				CLANG_ANALYZER_NONNULL = YES;
				CLANG_ANALYZER_NUMBER_OBJECT_CONVERSION = YES_AGGRESSIVE;
				CLANG_CXX_LANGUAGE_STANDARD = "gnu++14";
				CLANG_CXX_LIBRARY = "libc++";
				CLANG_ENABLE_MODULES = YES;
				CLANG_ENABLE_OBJC_ARC = YES;
				CLANG_ENABLE_OBJC_WEAK = YES;
				CLANG_WARN_BLOCK_CAPTURE_AUTORELEASING = YES;
				CLANG_WARN_BOOL_CONVERSION = YES;
				CLANG_WARN_COMMA = YES;
				CLANG_WARN_CONSTANT_CONVERSION = YES;
				CLANG_WARN_DEPRECATED_OBJC_IMPLEMENTATIONS = YES;
				CLANG_WARN_DIRECT_OBJC_ISA_USAGE = YES_ERROR;
				CLANG_WARN_DOCUMENTATION_COMMENTS = YES;
				CLANG_WARN_EMPTY_BODY = YES;
				CLANG_WARN_ENUM_CONVERSION = YES;
				CLANG_WARN_INFINITE_RECURSION = YES;
				CLANG_WARN_INT_CONVERSION = YES;
				CLANG_WARN_NON_LITERAL_NULL_CONVERSION = YES;
				CLANG_WARN_OBJC_IMPLICIT_RETAIN_SELF = YES;
				CLANG_WARN_OBJC_LITERAL_CONVERSION = YES;
				CLANG_WARN_OBJC_ROOT_CLASS = YES_ERROR;
				CLANG_WARN_RANGE_LOOP_ANALYSIS = YES;
				CLANG_WARN_STRICT_PROTOTYPES = YES;
				CLANG_WARN_SUSPICIOUS_MOVE = YES;
				CLANG_WARN_UNGUARDED_AVAILABILITY = YES_AGGRESSIVE;
				CLANG_WARN_UNREACHABLE_CODE = YES;
				CLANG_WARN__DUPLICATE_METHOD_MATCH = YES;
				CODE_SIGN_IDENTITY = "iPhone Developer";
				COPY_PHASE_STRIP = NO;
				DEBUG_INFORMATION_FORMAT = dwarf;
				ENABLE_STRICT_OBJC_MSGSEND = YES;
				ENABLE_TESTABILITY = YES;
				GCC_C_LANGUAGE_STANDARD = gnu11;
				GCC_DYNAMIC_NO_PIC = NO;
				GCC_NO_COMMON_BLOCKS = YES;
				GCC_OPTIMIZATION_LEVEL = 0;
				GCC_PREPROCESSOR_DEFINITIONS = (
					"DEBUG=1",
					"$(inherited)",
				);
				GCC_WARN_64_TO_32_BIT_CONVERSION = YES;
				GCC_WARN_ABOUT_RETURN_TYPE = YES_ERROR;
				GCC_WARN_UNDECLARED_SELECTOR = YES;
				GCC_WARN_UNINITIALIZED_AUTOS = YES_AGGRESSIVE;
				GCC_WARN_UNUSED_FUNCTION = YES;
				GCC_WARN_UNUSED_VARIABLE = YES;
				IPHONEOS_DEPLOYMENT_TARGET = 12.0;
				MTL_ENABLE_DEBUG_INFO = INCLUDE_SOURCE;
				MTL_FAST_MATH = YES;
				ONLY_ACTIVE_ARCH = YES;
				SDKROOT = iphoneos;
				SWIFT_ACTIVE_COMPILATION_CONDITIONS = DEBUG;
				SWIFT_OPTIMIZATION_LEVEL = "-Onone";
			};
			name = Debug;
		};
		31CEA8B4216CD9CB001EE237 /* Release */ = {
			isa = XCBuildConfiguration;
			buildSettings = {
				ALWAYS_SEARCH_USER_PATHS = NO;
				CLANG_ANALYZER_NONNULL = YES;
				CLANG_ANALYZER_NUMBER_OBJECT_CONVERSION = YES_AGGRESSIVE;
				CLANG_CXX_LANGUAGE_STANDARD = "gnu++14";
				CLANG_CXX_LIBRARY = "libc++";
				CLANG_ENABLE_MODULES = YES;
				CLANG_ENABLE_OBJC_ARC = YES;
				CLANG_ENABLE_OBJC_WEAK = YES;
				CLANG_WARN_BLOCK_CAPTURE_AUTORELEASING = YES;
				CLANG_WARN_BOOL_CONVERSION = YES;
				CLANG_WARN_COMMA = YES;
				CLANG_WARN_CONSTANT_CONVERSION = YES;
				CLANG_WARN_DEPRECATED_OBJC_IMPLEMENTATIONS = YES;
				CLANG_WARN_DIRECT_OBJC_ISA_USAGE = YES_ERROR;
				CLANG_WARN_DOCUMENTATION_COMMENTS = YES;
				CLANG_WARN_EMPTY_BODY = YES;
				CLANG_WARN_ENUM_CONVERSION = YES;
				CLANG_WARN_INFINITE_RECURSION = YES;
				CLANG_WARN_INT_CONVERSION = YES;
				CLANG_WARN_NON_LITERAL_NULL_CONVERSION = YES;
				CLANG_WARN_OBJC_IMPLICIT_RETAIN_SELF = YES;
				CLANG_WARN_OBJC_LITERAL_CONVERSION = YES;
				CLANG_WARN_OBJC_ROOT_CLASS = YES_ERROR;
				CLANG_WARN_RANGE_LOOP_ANALYSIS = YES;
				CLANG_WARN_STRICT_PROTOTYPES = YES;
				CLANG_WARN_SUSPICIOUS_MOVE = YES;
				CLANG_WARN_UNGUARDED_AVAILABILITY = YES_AGGRESSIVE;
				CLANG_WARN_UNREACHABLE_CODE = YES;
				CLANG_WARN__DUPLICATE_METHOD_MATCH = YES;
				CODE_SIGN_IDENTITY = "iPhone Developer";
				COPY_PHASE_STRIP = NO;
				DEBUG_INFORMATION_FORMAT = "dwarf-with-dsym";
				ENABLE_NS_ASSERTIONS = NO;
				ENABLE_STRICT_OBJC_MSGSEND = YES;
				GCC_C_LANGUAGE_STANDARD = gnu11;
				GCC_NO_COMMON_BLOCKS = YES;
				GCC_WARN_64_TO_32_BIT_CONVERSION = YES;
				GCC_WARN_ABOUT_RETURN_TYPE = YES_ERROR;
				GCC_WARN_UNDECLARED_SELECTOR = YES;
				GCC_WARN_UNINITIALIZED_AUTOS = YES_AGGRESSIVE;
				GCC_WARN_UNUSED_FUNCTION = YES;
				GCC_WARN_UNUSED_VARIABLE = YES;
				IPHONEOS_DEPLOYMENT_TARGET = 12.0;
				MTL_ENABLE_DEBUG_INFO = NO;
				MTL_FAST_MATH = YES;
				SDKROOT = iphoneos;
				SWIFT_COMPILATION_MODE = wholemodule;
				SWIFT_OPTIMIZATION_LEVEL = "-O";
				VALIDATE_PRODUCT = YES;
			};
			name = Release;
		};
		31CEA8B6216CD9CB001EE237 /* Debug */ = {
			isa = XCBuildConfiguration;
			buildSettings = {
				ASSETCATALOG_COMPILER_APPICON_NAME = AppIcon;
				CODE_SIGN_STYLE = Automatic;
				DEVELOPMENT_TEAM = 84GY2BSZ6W;
				INFOPLIST_FILE = turorial_SNS/Info.plist;
				LD_RUNPATH_SEARCH_PATHS = (
					"$(inherited)",
					"@executable_path/Frameworks",
				);
				PRODUCT_BUNDLE_IDENTIFIER = "Tatsuika.turorial-SNS";
				PRODUCT_NAME = "$(TARGET_NAME)";
				SWIFT_VERSION = 4.2;
				TARGETED_DEVICE_FAMILY = "1,2";
			};
			name = Debug;
		};
		31CEA8B7216CD9CB001EE237 /* Release */ = {
			isa = XCBuildConfiguration;
			buildSettings = {
				ASSETCATALOG_COMPILER_APPICON_NAME = AppIcon;
				CODE_SIGN_STYLE = Automatic;
				DEVELOPMENT_TEAM = 84GY2BSZ6W;
				INFOPLIST_FILE = turorial_SNS/Info.plist;
				LD_RUNPATH_SEARCH_PATHS = (
					"$(inherited)",
					"@executable_path/Frameworks",
				);
				PRODUCT_BUNDLE_IDENTIFIER = "Tatsuika.turorial-SNS";
				PRODUCT_NAME = "$(TARGET_NAME)";
				SWIFT_VERSION = 4.2;
				TARGETED_DEVICE_FAMILY = "1,2";
			};
			name = Release;
		};
/* End XCBuildConfiguration section */

/* Begin XCConfigurationList section */
		31CEA89E216CD9C9001EE237 /* Build configuration list for PBXProject "turorial_SNS" */ = {
			isa = XCConfigurationList;
			buildConfigurations = (
				31CEA8B3216CD9CB001EE237 /* Debug */,
				31CEA8B4216CD9CB001EE237 /* Release */,
			);
			defaultConfigurationIsVisible = 0;
			defaultConfigurationName = Release;
		};
		31CEA8B5216CD9CB001EE237 /* Build configuration list for PBXNativeTarget "turorial_SNS" */ = {
			isa = XCConfigurationList;
			buildConfigurations = (
				31CEA8B6216CD9CB001EE237 /* Debug */,
				31CEA8B7216CD9CB001EE237 /* Release */,
			);
			defaultConfigurationIsVisible = 0;
			defaultConfigurationName = Release;
		};
/* End XCConfigurationList section */
	};
	rootObject = 31CEA89B216CD9C9001EE237 /* Project object */;
}
